
Microsoft Visual Studio Solution File, Format Version 12.00
# Visual Studio 15
VisualStudioVersion = 15.0.26430.15
MinimumVisualStudioVersion = 10.0.40219.1
Project("{FAE04EC0-301F-11D3-BF4B-00C04F79EFBC}") = "ParkingPass.Student.Android", "ParkingPass.Student\ParkingPass.Student.Android\ParkingPass.Student.Android.csproj", "{A94ECF96-EC05-4771-8CC6-5A9CC731A67C}"
EndProject
Project("{FAE04EC0-301F-11D3-BF4B-00C04F79EFBC}") = "ParkingPass.Student.iOS", "ParkingPass.Student\ParkingPass.Student.iOS\ParkingPass.Student.iOS.csproj", "{8F88EB4A-2069-4CFB-9EEE-A938B6EC2B40}"
EndProject
Project("{FAE04EC0-301F-11D3-BF4B-00C04F79EFBC}") = "ParkingPass.Student", "ParkingPass.Student\ParkingPass.Student\ParkingPass.Student.csproj", "{CC3C6FEA-E6A1-4A66-919A-985823CE6BA6}"
EndProject
Global
	GlobalSection(SolutionConfigurationPlatforms) = preSolution
		Debug|Any CPU = Debug|Any CPU
		Debug|iPhone = Debug|iPhone
		Debug|iPhoneSimulator = Debug|iPhoneSimulator
		Release|Any CPU = Release|Any CPU
		Release|iPhone = Release|iPhone
		Release|iPhoneSimulator = Release|iPhoneSimulator
	EndGlobalSection
	GlobalSection(ProjectConfigurationPlatforms) = postSolution
		{A94ECF96-EC05-4771-8CC6-5A9CC731A67C}.Debug|Any CPU.ActiveCfg = Debug|Any CPU
		{A94ECF96-EC05-4771-8CC6-5A9CC731A67C}.Debug|Any CPU.Build.0 = Debug|Any CPU
		{A94ECF96-EC05-4771-8CC6-5A9CC731A67C}.Debug|Any CPU.Deploy.0 = Debug|Any CPU
		{A94ECF96-EC05-4771-8CC6-5A9CC731A67C}.Debug|iPhone.ActiveCfg = Debug|Any CPU
		{A94ECF96-EC05-4771-8CC6-5A9CC731A67C}.Debug|iPhone.Build.0 = Debug|Any CPU
		{A94ECF96-EC05-4771-8CC6-5A9CC731A67C}.Debug|iPhone.Deploy.0 = Debug|Any CPU
		{A94ECF96-EC05-4771-8CC6-5A9CC731A67C}.Debug|iPhoneSimulator.ActiveCfg = Debug|Any CPU
		{A94ECF96-EC05-4771-8CC6-5A9CC731A67C}.Debug|iPhoneSimulator.Build.0 = Debug|Any CPU
		{A94ECF96-EC05-4771-8CC6-5A9CC731A67C}.Debug|iPhoneSimulator.Deploy.0 = Debug|Any CPU
		{A94ECF96-EC05-4771-8CC6-5A9CC731A67C}.Release|Any CPU.ActiveCfg = Release|Any CPU
		{A94ECF96-EC05-4771-8CC6-5A9CC731A67C}.Release|Any CPU.Build.0 = Release|Any CPU
		{A94ECF96-EC05-4771-8CC6-5A9CC731A67C}.Release|Any CPU.Deploy.0 = Release|Any CPU
		{A94ECF96-EC05-4771-8CC6-5A9CC731A67C}.Release|iPhone.ActiveCfg = Release|Any CPU
		{A94ECF96-EC05-4771-8CC6-5A9CC731A67C}.Release|iPhone.Build.0 = Release|Any CPU
		{A94ECF96-EC05-4771-8CC6-5A9CC731A67C}.Release|iPhone.Deploy.0 = Release|Any CPU
		{A94ECF96-EC05-4771-8CC6-5A9CC731A67C}.Release|iPhoneSimulator.ActiveCfg = Release|Any CPU
		{A94ECF96-EC05-4771-8CC6-5A9CC731A67C}.Release|iPhoneSimulator.Build.0 = Release|Any CPU
		{A94ECF96-EC05-4771-8CC6-5A9CC731A67C}.Release|iPhoneSimulator.Deploy.0 = Release|Any CPU
		{8F88EB4A-2069-4CFB-9EEE-A938B6EC2B40}.Debug|Any CPU.ActiveCfg = Debug|iPhone
		{8F88EB4A-2069-4CFB-9EEE-A938B6EC2B40}.Debug|iPhone.ActiveCfg = Debug|iPhone
		{8F88EB4A-2069-4CFB-9EEE-A938B6EC2B40}.Debug|iPhone.Build.0 = Debug|iPhone
		{8F88EB4A-2069-4CFB-9EEE-A938B6EC2B40}.Debug|iPhoneSimulator.ActiveCfg = Debug|iPhoneSimulator
		{8F88EB4A-2069-4CFB-9EEE-A938B6EC2B40}.Debug|iPhoneSimulator.Build.0 = Debug|iPhoneSimulator
		{8F88EB4A-2069-4CFB-9EEE-A938B6EC2B40}.Release|Any CPU.ActiveCfg = Release|iPhone
		{8F88EB4A-2069-4CFB-9EEE-A938B6EC2B40}.Release|iPhone.ActiveCfg = Release|iPhone
		{8F88EB4A-2069-4CFB-9EEE-A938B6EC2B40}.Release|iPhone.Build.0 = Release|iPhone
		{8F88EB4A-2069-4CFB-9EEE-A938B6EC2B40}.Release|iPhoneSimulator.ActiveCfg = Release|iPhoneSimulator
		{8F88EB4A-2069-4CFB-9EEE-A938B6EC2B40}.Release|iPhoneSimulator.Build.0 = Release|iPhoneSimulator
		{CC3C6FEA-E6A1-4A66-919A-985823CE6BA6}.Debug|Any CPU.ActiveCfg = Debug|Any CPU
		{CC3C6FEA-E6A1-4A66-919A-985823CE6BA6}.Debug|Any CPU.Build.0 = Debug|Any CPU
		{CC3C6FEA-E6A1-4A66-919A-985823CE6BA6}.Debug|iPhone.ActiveCfg = Debug|Any CPU
		{CC3C6FEA-E6A1-4A66-919A-985823CE6BA6}.Debug|iPhone.Build.0 = Debug|Any CPU
		{CC3C6FEA-E6A1-4A66-919A-985823CE6BA6}.Debug|iPhoneSimulator.ActiveCfg = Debug|Any CPU
		{CC3C6FEA-E6A1-4A66-919A-985823CE6BA6}.Debug|iPhoneSimulator.Build.0 = Debug|Any CPU
		{CC3C6FEA-E6A1-4A66-919A-985823CE6BA6}.Release|Any CPU.ActiveCfg = Release|Any CPU
		{CC3C6FEA-E6A1-4A66-919A-985823CE6BA6}.Release|Any CPU.Build.0 = Release|Any CPU
		{CC3C6FEA-E6A1-4A66-919A-985823CE6BA6}.Release|iPhone.ActiveCfg = Release|Any CPU
		{CC3C6FEA-E6A1-4A66-919A-985823CE6BA6}.Release|iPhone.Build.0 = Release|Any CPU
		{CC3C6FEA-E6A1-4A66-919A-985823CE6BA6}.Release|iPhoneSimulator.ActiveCfg = Release|Any CPU
		{CC3C6FEA-E6A1-4A66-919A-985823CE6BA6}.Release|iPhoneSimulator.Build.0 = Release|Any CPU
	EndGlobalSection
	GlobalSection(SolutionProperties) = preSolution
		HideSolutionNode = FALSE
	EndGlobalSection
EndGlobal
